// !$*UTF8*$!
{
	archiveVersion = 1;
	classes = {
	};
	objectVersion = 46;
	objects = {

/* Begin PBXBuildFile section */
		6F631A5E1DD4539D00E2B5B3 /* main.m in Sources */ = {isa = PBXBuildFile; fileRef = 6F631A5D1DD4539D00E2B5B3 /* main.m */; };
		6F631A671DD4557800E2B5B3 /* Bank.m in Sources */ = {isa = PBXBuildFile; fileRef = 6F631A661DD4557800E2B5B3 /* Bank.m */; };
/* End PBXBuildFile section */

/* Begin PBXCopyFilesBuildPhase section */
		6F631A581DD4539D00E2B5B3 /* CopyFiles */ = {
			isa = PBXCopyFilesBuildPhase;
			buildActionMask = 2147483647;
			dstPath = /usr/share/man/man1/;
			dstSubfolderSpec = 0;
			files = (
			);
			runOnlyForDeploymentPostprocessing = 1;
		};
/* End PBXCopyFilesBuildPhase section */

/* Begin PBXFileReference section */
		6F631A5A1DD4539D00E2B5B3 /* BSBankProtocol */ = {isa = PBXFileReference; explicitFileType = "compiled.mach-o.executable"; includeInIndex = 0; path = BSBankProtocol; sourceTree = BUILT_PRODUCTS_DIR; };
		6F631A5D1DD4539D00E2B5B3 /* main.m */ = {isa = PBXFileReference; lastKnownFileType = sourcecode.c.objc; path = main.m; sourceTree = "<group>"; };
		6F631A641DD4551E00E2B5B3 /* BankDelegate.h */ = {isa = PBXFileReference; fileEncoding = 4; lastKnownFileType = sourcecode.c.h; path = BankDelegate.h; sourceTree = "<group>"; };
		6F631A651DD4557800E2B5B3 /* Bank.h */ = {isa = PBXFileReference; fileEncoding = 4; lastKnownFileType = sourcecode.c.h; path = Bank.h; sourceTree = "<group>"; };
		6F631A661DD4557800E2B5B3 /* Bank.m */ = {isa = PBXFileReference; fileEncoding = 4; lastKnownFileType = sourcecode.c.objc; path = Bank.m; sourceTree = "<group>"; };
		6FD80AB61DD5A5BA002F0FF9 /* Bank_BankExtension.h */ = {isa = PBXFileReference; fileEncoding = 4; lastKnownFileType = sourcecode.c.h; name = Bank_BankExtension.h; path = ../Bank_BankExtension.h; sourceTree = "<group>"; };
/* End PBXFileReference section */

/* Begin PBXFrameworksBuildPhase section */
		6F631A571DD4539D00E2B5B3 /* Frameworks */ = {
			isa = PBXFrameworksBuildPhase;
			buildActionMask = 2147483647;
			files = (
			);
			runOnlyForDeploymentPostprocessing = 0;
		};
/* End PBXFrameworksBuildPhase section */

/* Begin PBXGroup section */
		6F631A511DD4539D00E2B5B3 = {
			isa = PBXGroup;
			children = (
				6F631A5C1DD4539D00E2B5B3 /* BSBankProtocol */,
				6F631A5B1DD4539D00E2B5B3 /* Products */,
			);
			sourceTree = "<group>";
		};
		6F631A5B1DD4539D00E2B5B3 /* Products */ = {
			isa = PBXGroup;
			children = (
				6F631A5A1DD4539D00E2B5B3 /* BSBankProtocol */,
			);
			name = Products;
			sourceTree = "<group>";
		};
		6F631A5C1DD4539D00E2B5B3 /* BSBankProtocol */ = {
			isa = PBXGroup;
			children = (
				6F631A5D1DD4539D00E2B5B3 /* main.m */,
				6F631A641DD4551E00E2B5B3 /* BankDelegate.h */,
				6FD80AB61DD5A5BA002F0FF9 /* Bank_BankExtension.h */,
				6F631A651DD4557800E2B5B3 /* Bank.h */,
				6F631A661DD4557800E2B5B3 /* Bank.m */,
			);
			path = BSBankProtocol;
			sourceTree = "<group>";
		};
/* End PBXGroup section */

/* Begin PBXNativeTarget section */
		6F631A591DD4539D00E2B5B3 /* BSBankProtocol */ = {
			isa = PBXNativeTarget;
			buildConfigurationList = 6F631A611DD4539D00E2B5B3 /* Build configuration list for PBXNativeTarget "BSBankProtocol" */;
			buildPhases = (
				6F631A561DD4539D00E2B5B3 /* Sources */,
				6F631A571DD4539D00E2B5B3 /* Frameworks */,
				6F631A581DD4539D00E2B5B3 /* CopyFiles */,
			);
			buildRules = (
			);
			dependencies = (
			);
			name = BSBankProtocol;
			productName = BSBankProtocol;
			productReference = 6F631A5A1DD4539D00E2B5B3 /* BSBankProtocol */;
			productType = "com.apple.product-type.tool";
		};
/* End PBXNativeTarget section */

/* Begin PBXProject section */
		6F631A521DD4539D00E2B5B3 /* Project object */ = {
			isa = PBXProject;
			attributes = {
				LastUpgradeCheck = 0730;
				ORGANIZATIONNAME = "Bhagyashri Sonawane";
				TargetAttributes = {
					6F631A591DD4539D00E2B5B3 = {
						CreatedOnToolsVersion = 7.3.1;
					};
				};
			};
			buildConfigurationList = 6F631A551DD4539D00E2B5B3 /* Build configuration list for PBXProject "BSBankProtocol" */;
			compatibilityVersion = "Xcode 3.2";
			developmentRegion = English;
			hasScannedForEncodings = 0;
			knownRegions = (
				en,
			);
			mainGroup = 6F631A511DD4539D00E2B5B3;
			productRefGroup = 6F631A5B1DD4539D00E2B5B3 /* Products */;
			projectDirPath = "";
			projectRoot = "";
			targets = (
				6F631A591DD4539D00E2B5B3 /* BSBankProtocol */,
			);
		};
/* End PBXProject section */

/* Begin PBXSourcesBuildPhase section */
		6F631A561DD4539D00E2B5B3 /* Sources */ = {
			isa = PBXSourcesBuildPhase;
			buildActionMask = 2147483647;
			files = (
				6F631A5E1DD4539D00E2B5B3 /* main.m in Sources */,
				6F631A671DD4557800E2B5B3 /* Bank.m in Sources */,
			);
			runOnlyForDeploymentPostprocessing = 0;
		};
/* End PBXSourcesBuildPhase section */

/* Begin XCBuildConfiguration section */
		6F631A5F1DD4539D00E2B5B3 /* Debug */ = {
			isa = XCBuildConfiguration;
			buildSettings = {
				ALWAYS_SEARCH_USER_PATHS = NO;
				CLANG_ANALYZER_NONNULL = YES;
				CLANG_CXX_LANGUAGE_STANDARD = "gnu++0x";
				CLANG_CXX_LIBRARY = "libc++";
				CLANG_ENABLE_MODULES = YES;
				CLANG_ENABLE_OBJC_ARC = YES;
				CLANG_WARN_BOOL_CONVERSION = YES;
				CLANG_WARN_CONSTANT_CONVERSION = YES;
				CLANG_WARN_DIRECT_OBJC_ISA_USAGE = YES_ERROR;
				CLANG_WARN_EMPTY_BODY = YES;
				CLANG_WARN_ENUM_CONVERSION = YES;
				CLANG_WARN_INT_CONVERSION = YES;
				CLANG_WARN_OBJC_ROOT_CLASS = YES_ERROR;
				CLANG_WARN_UNREACHABLE_CODE = YES;
				CLANG_WARN__DUPLICATE_METHOD_MATCH = YES;
				CODE_SIGN_IDENTITY = "-";
				COPY_PHASE_STRIP = NO;
				DEBUG_INFORMATION_FORMAT = dwarf;
				ENABLE_STRICT_OBJC_MSGSEND = YES;
				ENABLE_TESTABILITY = YES;
				GCC_C_LANGUAGE_STANDARD = gnu99;
				GCC_DYNAMIC_NO_PIC = NO;
				GCC_NO_COMMON_BLOCKS = YES;
				GCC_OPTIMIZATION_LEVEL = 0;
				GCC_PREPROCESSOR_DEFINITIONS = (
					"DEBUG=1",
					"$(inherited)",
				);
				GCC_WARN_64_TO_32_BIT_CONVERSION = YES;
				GCC_WARN_ABOUT_RETURN_TYPE = YES_ERROR;
				GCC_WARN_UNDECLARED_SELECTOR = YES;
				GCC_WARN_UNINITIALIZED_AUTOS = YES_AGGRESSIVE;
				GCC_WARN_UNUSED_FUNCTION = YES;
				GCC_WARN_UNUSED_VARIABLE = YES;
				MACOSX_DEPLOYMENT_TARGET = 10.11;
				MTL_ENABLE_DEBUG_INFO = YES;
				ONLY_ACTIVE_ARCH = YES;
				SDKROOT = macosx;
			};
			name = Debug;
		};
		6F631A601DD4539D00E2B5B3 /* Release */ = {
			isa = XCBuildConfiguration;
			buildSettings = {
				ALWAYS_SEARCH_USER_PATHS = NO;
				CLANG_ANALYZER_NONNULL = YES;
				CLANG_CXX_LANGUAGE_STANDARD = "gnu++0x";
				CLANG_CXX_LIBRARY = "libc++";
				CLANG_ENABLE_MODULES = YES;
				CLANG_ENABLE_OBJC_ARC = YES;
				CLANG_WARN_BOOL_CONVERSION = YES;
				CLANG_WARN_CONSTANT_CONVERSION = YES;
				CLANG_WARN_DIRECT_OBJC_ISA_USAGE = YES_ERROR;
				CLANG_WARN_EMPTY_BODY = YES;
				CLANG_WARN_ENUM_CONVERSION = YES;
				CLANG_WARN_INT_CONVERSION = YES;
				CLANG_WARN_OBJC_ROOT_CLASS = YES_ERROR;
				CLANG_WARN_UNREACHABLE_CODE = YES;
				CLANG_WARN__DUPLICATE_METHOD_MATCH = YES;
				CODE_SIGN_IDENTITY = "-";
				COPY_PHASE_STRIP = NO;
				DEBUG_INFORMATION_FORMAT = "dwarf-with-dsym";
				ENABLE_NS_ASSERTIONS = NO;
				ENABLE_STRICT_OBJC_MSGSEND = YES;
				GCC_C_LANGUAGE_STANDARD = gnu99;
				GCC_NO_COMMON_BLOCKS = YES;
				GCC_WARN_64_TO_32_BIT_CONVERSION = YES;
				GCC_WARN_ABOUT_RETURN_TYPE = YES_ERROR;
				GCC_WARN_UNDECLARED_SELECTOR = YES;
				GCC_WARN_UNINITIALIZED_AUTOS = YES_AGGRESSIVE;
				GCC_WARN_UNUSED_FUNCTION = YES;
				GCC_WARN_UNUSED_VARIABLE = YES;
				MACOSX_DEPLOYMENT_TARGET = 10.11;
				MTL_ENABLE_DEBUG_INFO = NO;
				SDKROOT = macosx;
			};
			name = Release;
		};
		6F631A621DD4539D00E2B5B3 /* Debug */ = {
			isa = XCBuildConfiguration;
			buildSettings = {
				PRODUCT_NAME = "$(TARGET_NAME)";
			};
			name = Debug;
		};
		6F631A631DD4539D00E2B5B3 /* Release */ = {
			isa = XCBuildConfiguration;
			buildSettings = {
				PRODUCT_NAME = "$(TARGET_NAME)";
			};
			name = Release;
		};
/* End XCBuildConfiguration section */

/* Begin XCConfigurationList section */
		6F631A551DD4539D00E2B5B3 /* Build configuration list for PBXProject "BSBankProtocol" */ = {
			isa = XCConfigurationList;
			buildConfigurations = (
				6F631A5F1DD4539D00E2B5B3 /* Debug */,
				6F631A601DD4539D00E2B5B3 /* Release */,
			);
			defaultConfigurationIsVisible = 0;
			defaultConfigurationName = Release;
		};
		6F631A611DD4539D00E2B5B3 /* Build configuration list for PBXNativeTarget "BSBankProtocol" */ = {
			isa = XCConfigurationList;
			buildConfigurations = (
				6F631A621DD4539D00E2B5B3 /* Debug */,
				6F631A631DD4539D00E2B5B3 /* Release */,
			);
			defaultConfigurationIsVisible = 0;
			defaultConfigurationName = Release;
		};
/* End XCConfigurationList section */
	};
	rootObject = 6F631A521DD4539D00E2B5B3 /* Project object */;
}
